
Microsoft Visual Studio Solution File, Format Version 12.00
Project("{FAE04EC0-301F-11D3-BF4B-00C04F79EFBC}") = "API", "API\API.csproj", "{AD12A15B-0779-419E-8781-9946E2338796}"
EndProject
Project("{FAE04EC0-301F-11D3-BF4B-00C04F79EFBC}") = "tests", "tests\tests.csproj", "{031DE53E-F75E-41C9-84C8-6EAD21A3B08D}"
EndProject
Global
	GlobalSection(SolutionConfigurationPlatforms) = preSolution
		Debug|Any CPU = Debug|Any CPU
		Release|Any CPU = Release|Any CPU
	EndGlobalSection
	GlobalSection(ProjectConfigurationPlatforms) = postSolution
		{AD12A15B-0779-419E-8781-9946E2338796}.Debug|Any CPU.ActiveCfg = Debug|Any CPU
		{AD12A15B-0779-419E-8781-9946E2338796}.Debug|Any CPU.Build.0 = Debug|Any CPU
		{AD12A15B-0779-419E-8781-9946E2338796}.Release|Any CPU.ActiveCfg = Release|Any CPU
		{AD12A15B-0779-419E-8781-9946E2338796}.Release|Any CPU.Build.0 = Release|Any CPU
		{031DE53E-F75E-41C9-84C8-6EAD21A3B08D}.Debug|Any CPU.ActiveCfg = Debug|Any CPU
		{031DE53E-F75E-41C9-84C8-6EAD21A3B08D}.Debug|Any CPU.Build.0 = Debug|Any CPU
		{031DE53E-F75E-41C9-84C8-6EAD21A3B08D}.Release|Any CPU.ActiveCfg = Release|Any CPU
		{031DE53E-F75E-41C9-84C8-6EAD21A3B08D}.Release|Any CPU.Build.0 = Release|Any CPU
	EndGlobalSection
EndGlobal
